
Microsoft Visual Studio Solution File, Format Version 12.00
# Visual Studio Version 17
VisualStudioVersion = 17.4.33205.214
MinimumVisualStudioVersion = 10.0.40219.1
Project("{9A19103F-16F7-4668-BE54-9A1E7A4F7556}") = "DuendeFromScratch", "DuendeFromScratch.csproj", "{6E6B479E-3B3C-4654-9271-0EEBAC884317}"
EndProject
Project("{9A19103F-16F7-4668-BE54-9A1E7A4F7556}") = "Client.WeatherApi", "Client.WeatherApi\Client.WeatherApi.csproj", "{12758378-05FA-40EF-AB5A-95F7AC2A209A}"
EndProject
Project("{9A19103F-16F7-4668-BE54-9A1E7A4F7556}") = "Client.WeatherMvc", "Client.WeatherMvc\Client.WeatherMvc.csproj", "{1E473BDA-C9DF-4A29-8761-51F3DF45339E}"
EndProject
Global
	GlobalSection(SolutionConfigurationPlatforms) = preSolution
		Debug|Any CPU = Debug|Any CPU
		Release|Any CPU = Release|Any CPU
	EndGlobalSection
	GlobalSection(ProjectConfigurationPlatforms) = postSolution
		{6E6B479E-3B3C-4654-9271-0EEBAC884317}.Debug|Any CPU.ActiveCfg = Debug|Any CPU
		{6E6B479E-3B3C-4654-9271-0EEBAC884317}.Debug|Any CPU.Build.0 = Debug|Any CPU
		{6E6B479E-3B3C-4654-9271-0EEBAC884317}.Release|Any CPU.ActiveCfg = Release|Any CPU
		{6E6B479E-3B3C-4654-9271-0EEBAC884317}.Release|Any CPU.Build.0 = Release|Any CPU
		{12758378-05FA-40EF-AB5A-95F7AC2A209A}.Debug|Any CPU.ActiveCfg = Debug|Any CPU
		{12758378-05FA-40EF-AB5A-95F7AC2A209A}.Debug|Any CPU.Build.0 = Debug|Any CPU
		{12758378-05FA-40EF-AB5A-95F7AC2A209A}.Release|Any CPU.ActiveCfg = Release|Any CPU
		{12758378-05FA-40EF-AB5A-95F7AC2A209A}.Release|Any CPU.Build.0 = Release|Any CPU
		{1E473BDA-C9DF-4A29-8761-51F3DF45339E}.Debug|Any CPU.ActiveCfg = Debug|Any CPU
		{1E473BDA-C9DF-4A29-8761-51F3DF45339E}.Debug|Any CPU.Build.0 = Debug|Any CPU
		{1E473BDA-C9DF-4A29-8761-51F3DF45339E}.Release|Any CPU.ActiveCfg = Release|Any CPU
		{1E473BDA-C9DF-4A29-8761-51F3DF45339E}.Release|Any CPU.Build.0 = Release|Any CPU
	EndGlobalSection
	GlobalSection(SolutionProperties) = preSolution
		HideSolutionNode = FALSE
	EndGlobalSection
	GlobalSection(ExtensibilityGlobals) = postSolution
		SolutionGuid = {D58BCBAD-F264-4B2E-B5BF-9DA6E36F0947}
	EndGlobalSection
EndGlobal
