
Microsoft Visual Studio Solution File, Format Version 12.00
# Visual Studio Version 17
VisualStudioVersion = 17.4.33205.214
MinimumVisualStudioVersion = 10.0.40219.1
Project("{9A19103F-16F7-4668-BE54-9A1E7A4F7556}") = "DuendeFromScratch", "DuendeFromScratch.csproj", "{6E6B479E-3B3C-4654-9271-0EEBAC884317}"
EndProject
Project("{FAE04EC0-301F-11D3-BF4B-00C04F79EFBC}") = "Client.WeatherApi", "..\Client.WeatherApi\Client.WeatherApi.csproj", "{F9DFD63B-F869-4B4E-A4AE-ABF6B5C65871}"
EndProject
Project("{FAE04EC0-301F-11D3-BF4B-00C04F79EFBC}") = "Client.WeatherMvc", "..\Client.WeatherMvc\Client.WeatherMvc.csproj", "{347FDC4C-2CFF-4E1A-B384-43A97A089688}"
EndProject
Global
	GlobalSection(SolutionConfigurationPlatforms) = preSolution
		Debug|Any CPU = Debug|Any CPU
		Release|Any CPU = Release|Any CPU
	EndGlobalSection
	GlobalSection(ProjectConfigurationPlatforms) = postSolution
		{6E6B479E-3B3C-4654-9271-0EEBAC884317}.Debug|Any CPU.ActiveCfg = Debug|Any CPU
		{6E6B479E-3B3C-4654-9271-0EEBAC884317}.Debug|Any CPU.Build.0 = Debug|Any CPU
		{6E6B479E-3B3C-4654-9271-0EEBAC884317}.Release|Any CPU.ActiveCfg = Release|Any CPU
		{6E6B479E-3B3C-4654-9271-0EEBAC884317}.Release|Any CPU.Build.0 = Release|Any CPU
		{F9DFD63B-F869-4B4E-A4AE-ABF6B5C65871}.Debug|Any CPU.ActiveCfg = Debug|Any CPU
		{F9DFD63B-F869-4B4E-A4AE-ABF6B5C65871}.Debug|Any CPU.Build.0 = Debug|Any CPU
		{F9DFD63B-F869-4B4E-A4AE-ABF6B5C65871}.Release|Any CPU.ActiveCfg = Release|Any CPU
		{F9DFD63B-F869-4B4E-A4AE-ABF6B5C65871}.Release|Any CPU.Build.0 = Release|Any CPU
		{347FDC4C-2CFF-4E1A-B384-43A97A089688}.Debug|Any CPU.ActiveCfg = Debug|Any CPU
		{347FDC4C-2CFF-4E1A-B384-43A97A089688}.Debug|Any CPU.Build.0 = Debug|Any CPU
		{347FDC4C-2CFF-4E1A-B384-43A97A089688}.Release|Any CPU.ActiveCfg = Release|Any CPU
		{347FDC4C-2CFF-4E1A-B384-43A97A089688}.Release|Any CPU.Build.0 = Release|Any CPU
	EndGlobalSection
	GlobalSection(SolutionProperties) = preSolution
		HideSolutionNode = FALSE
	EndGlobalSection
	GlobalSection(ExtensibilityGlobals) = postSolution
		SolutionGuid = {D58BCBAD-F264-4B2E-B5BF-9DA6E36F0947}
	EndGlobalSection
EndGlobal
